// !$*UTF8*$!
{
	archiveVersion = 1;
	classes = {
	};
	objectVersion = 50;
	objects = {

/* Begin PBXBuildFile section */
		A97725B624C86D250065759D /* AppDelegate.swift in Sources */ = {isa = PBXBuildFile; fileRef = A97725B524C86D250065759D /* AppDelegate.swift */; };
		A97725B824C86D250065759D /* SceneDelegate.swift in Sources */ = {isa = PBXBuildFile; fileRef = A97725B724C86D250065759D /* SceneDelegate.swift */; };
		A97725BD24C86D250065759D /* Main.storyboard in Resources */ = {isa = PBXBuildFile; fileRef = A97725BB24C86D250065759D /* Main.storyboard */; };
		A97725BF24C86D290065759D /* Assets.xcassets in Resources */ = {isa = PBXBuildFile; fileRef = A97725BE24C86D290065759D /* Assets.xcassets */; };
		A97725C224C86D290065759D /* LaunchScreen.storyboard in Resources */ = {isa = PBXBuildFile; fileRef = A97725C024C86D290065759D /* LaunchScreen.storyboard */; };
		A97725CA24C86E770065759D /* TableViewController.swift in Sources */ = {isa = PBXBuildFile; fileRef = A97725C924C86E770065759D /* TableViewController.swift */; };
		A97725CC24C86E8A0065759D /* AddViewController.swift in Sources */ = {isa = PBXBuildFile; fileRef = A97725CB24C86E8A0065759D /* AddViewController.swift */; };
		A97725CE24C86E940065759D /* DetailViewController.swift in Sources */ = {isa = PBXBuildFile; fileRef = A97725CD24C86E940065759D /* DetailViewController.swift */; };
		A97725D224C86F290065759D /* 1.jpg in Resources */ = {isa = PBXBuildFile; fileRef = A97725CF24C86F280065759D /* 1.jpg */; };
		A97725D324C86F290065759D /* 3.jpg in Resources */ = {isa = PBXBuildFile; fileRef = A97725D024C86F290065759D /* 3.jpg */; };
		A97725D424C86F290065759D /* 2.jpg in Resources */ = {isa = PBXBuildFile; fileRef = A97725D124C86F290065759D /* 2.jpg */; };
/* End PBXBuildFile section */

/* Begin PBXFileReference section */
		A97725B224C86D250065759D /* TableAgain.app */ = {isa = PBXFileReference; explicitFileType = wrapper.application; includeInIndex = 0; path = TableAgain.app; sourceTree = BUILT_PRODUCTS_DIR; };
		A97725B524C86D250065759D /* AppDelegate.swift */ = {isa = PBXFileReference; lastKnownFileType = sourcecode.swift; path = AppDelegate.swift; sourceTree = "<group>"; };
		A97725B724C86D250065759D /* SceneDelegate.swift */ = {isa = PBXFileReference; lastKnownFileType = sourcecode.swift; path = SceneDelegate.swift; sourceTree = "<group>"; };
		A97725BC24C86D250065759D /* Base */ = {isa = PBXFileReference; lastKnownFileType = file.storyboard; name = Base; path = Base.lproj/Main.storyboard; sourceTree = "<group>"; };
		A97725BE24C86D290065759D /* Assets.xcassets */ = {isa = PBXFileReference; lastKnownFileType = folder.assetcatalog; path = Assets.xcassets; sourceTree = "<group>"; };
		A97725C124C86D290065759D /* Base */ = {isa = PBXFileReference; lastKnownFileType = file.storyboard; name = Base; path = Base.lproj/LaunchScreen.storyboard; sourceTree = "<group>"; };
		A97725C324C86D290065759D /* Info.plist */ = {isa = PBXFileReference; lastKnownFileType = text.plist.xml; path = Info.plist; sourceTree = "<group>"; };
		A97725C924C86E770065759D /* TableViewController.swift */ = {isa = PBXFileReference; lastKnownFileType = sourcecode.swift; path = TableViewController.swift; sourceTree = "<group>"; };
		A97725CB24C86E8A0065759D /* AddViewController.swift */ = {isa = PBXFileReference; lastKnownFileType = sourcecode.swift; path = AddViewController.swift; sourceTree = "<group>"; };
		A97725CD24C86E940065759D /* DetailViewController.swift */ = {isa = PBXFileReference; lastKnownFileType = sourcecode.swift; path = DetailViewController.swift; sourceTree = "<group>"; };
		A97725CF24C86F280065759D /* 1.jpg */ = {isa = PBXFileReference; lastKnownFileType = image.jpeg; path = 1.jpg; sourceTree = "<group>"; };
		A97725D024C86F290065759D /* 3.jpg */ = {isa = PBXFileReference; lastKnownFileType = image.jpeg; path = 3.jpg; sourceTree = "<group>"; };
		A97725D124C86F290065759D /* 2.jpg */ = {isa = PBXFileReference; lastKnownFileType = image.jpeg; path = 2.jpg; sourceTree = "<group>"; };
/* End PBXFileReference section */

/* Begin PBXFrameworksBuildPhase section */
		A97725AF24C86D250065759D /* Frameworks */ = {
			isa = PBXFrameworksBuildPhase;
			buildActionMask = 2147483647;
			files = (
			);
			runOnlyForDeploymentPostprocessing = 0;
		};
/* End PBXFrameworksBuildPhase section */

/* Begin PBXGroup section */
		A97725A924C86D250065759D = {
			isa = PBXGroup;
			children = (
				A97725B424C86D250065759D /* TableAgain */,
				A97725B324C86D250065759D /* Products */,
			);
			sourceTree = "<group>";
		};
		A97725B324C86D250065759D /* Products */ = {
			isa = PBXGroup;
			children = (
				A97725B224C86D250065759D /* TableAgain.app */,
			);
			name = Products;
			sourceTree = "<group>";
		};
		A97725B424C86D250065759D /* TableAgain */ = {
			isa = PBXGroup;
			children = (
				A97725CF24C86F280065759D /* 1.jpg */,
				A97725D124C86F290065759D /* 2.jpg */,
				A97725D024C86F290065759D /* 3.jpg */,
				A97725B524C86D250065759D /* AppDelegate.swift */,
				A97725B724C86D250065759D /* SceneDelegate.swift */,
				A97725BB24C86D250065759D /* Main.storyboard */,
				A97725BE24C86D290065759D /* Assets.xcassets */,
				A97725C024C86D290065759D /* LaunchScreen.storyboard */,
				A97725C324C86D290065759D /* Info.plist */,
				A97725C924C86E770065759D /* TableViewController.swift */,
				A97725CB24C86E8A0065759D /* AddViewController.swift */,
				A97725CD24C86E940065759D /* DetailViewController.swift */,
			);
			path = TableAgain;
			sourceTree = "<group>";
		};
/* End PBXGroup section */

/* Begin PBXNativeTarget section */
		A97725B124C86D250065759D /* TableAgain */ = {
			isa = PBXNativeTarget;
			buildConfigurationList = A97725C624C86D290065759D /* Build configuration list for PBXNativeTarget "TableAgain" */;
			buildPhases = (
				A97725AE24C86D250065759D /* Sources */,
				A97725AF24C86D250065759D /* Frameworks */,
				A97725B024C86D250065759D /* Resources */,
			);
			buildRules = (
			);
			dependencies = (
			);
			name = TableAgain;
			productName = TableAgain;
			productReference = A97725B224C86D250065759D /* TableAgain.app */;
			productType = "com.apple.product-type.application";
		};
/* End PBXNativeTarget section */

/* Begin PBXProject section */
		A97725AA24C86D250065759D /* Project object */ = {
			isa = PBXProject;
			attributes = {
				LastSwiftUpdateCheck = 1160;
				LastUpgradeCheck = 1160;
				ORGANIZATIONNAME = "Siyun Min";
				TargetAttributes = {
					A97725B124C86D250065759D = {
						CreatedOnToolsVersion = 11.6;
					};
				};
			};
			buildConfigurationList = A97725AD24C86D250065759D /* Build configuration list for PBXProject "TableAgain" */;
			compatibilityVersion = "Xcode 9.3";
			developmentRegion = en;
			hasScannedForEncodings = 0;
			knownRegions = (
				en,
				Base,
			);
			mainGroup = A97725A924C86D250065759D;
			productRefGroup = A97725B324C86D250065759D /* Products */;
			projectDirPath = "";
			projectRoot = "";
			targets = (
				A97725B124C86D250065759D /* TableAgain */,
			);
		};
/* End PBXProject section */

/* Begin PBXResourcesBuildPhase section */
		A97725B024C86D250065759D /* Resources */ = {
			isa = PBXResourcesBuildPhase;
			buildActionMask = 2147483647;
			files = (
				A97725D424C86F290065759D /* 2.jpg in Resources */,
				A97725D324C86F290065759D /* 3.jpg in Resources */,
				A97725C224C86D290065759D /* LaunchScreen.storyboard in Resources */,
				A97725D224C86F290065759D /* 1.jpg in Resources */,
				A97725BF24C86D290065759D /* Assets.xcassets in Resources */,
				A97725BD24C86D250065759D /* Main.storyboard in Resources */,
			);
			runOnlyForDeploymentPostprocessing = 0;
		};
/* End PBXResourcesBuildPhase section */

/* Begin PBXSourcesBuildPhase section */
		A97725AE24C86D250065759D /* Sources */ = {
			isa = PBXSourcesBuildPhase;
			buildActionMask = 2147483647;
			files = (
				A97725B624C86D250065759D /* AppDelegate.swift in Sources */,
				A97725CA24C86E770065759D /* TableViewController.swift in Sources */,
				A97725CE24C86E940065759D /* DetailViewController.swift in Sources */,
				A97725CC24C86E8A0065759D /* AddViewController.swift in Sources */,
				A97725B824C86D250065759D /* SceneDelegate.swift in Sources */,
			);
			runOnlyForDeploymentPostprocessing = 0;
		};
/* End PBXSourcesBuildPhase section */

/* Begin PBXVariantGroup section */
		A97725BB24C86D250065759D /* Main.storyboard */ = {
			isa = PBXVariantGroup;
			children = (
				A97725BC24C86D250065759D /* Base */,
			);
			name = Main.storyboard;
			sourceTree = "<group>";
		};
		A97725C024C86D290065759D /* LaunchScreen.storyboard */ = {
			isa = PBXVariantGroup;
			children = (
				A97725C124C86D290065759D /* Base */,
			);
			name = LaunchScreen.storyboard;
			sourceTree = "<group>";
		};
/* End PBXVariantGroup section */

/* Begin XCBuildConfiguration section */
		A97725C424C86D290065759D /* Debug */ = {
			isa = XCBuildConfiguration;
			buildSettings = {
				ALWAYS_SEARCH_USER_PATHS = NO;
				CLANG_ANALYZER_NONNULL = YES;
				CLANG_ANALYZER_NUMBER_OBJECT_CONVERSION = YES_AGGRESSIVE;
				CLANG_CXX_LANGUAGE_STANDARD = "gnu++14";
				CLANG_CXX_LIBRARY = "libc++";
				CLANG_ENABLE_MODULES = YES;
				CLANG_ENABLE_OBJC_ARC = YES;
				CLANG_ENABLE_OBJC_WEAK = YES;
				CLANG_WARN_BLOCK_CAPTURE_AUTORELEASING = YES;
				CLANG_WARN_BOOL_CONVERSION = YES;
				CLANG_WARN_COMMA = YES;
				CLANG_WARN_CONSTANT_CONVERSION = YES;
				CLANG_WARN_DEPRECATED_OBJC_IMPLEMENTATIONS = YES;
				CLANG_WARN_DIRECT_OBJC_ISA_USAGE = YES_ERROR;
				CLANG_WARN_DOCUMENTATION_COMMENTS = YES;
				CLANG_WARN_EMPTY_BODY = YES;
				CLANG_WARN_ENUM_CONVERSION = YES;
				CLANG_WARN_INFINITE_RECURSION = YES;
				CLANG_WARN_INT_CONVERSION = YES;
				CLANG_WARN_NON_LITERAL_NULL_CONVERSION = YES;
				CLANG_WARN_OBJC_IMPLICIT_RETAIN_SELF = YES;
				CLANG_WARN_OBJC_LITERAL_CONVERSION = YES;
				CLANG_WARN_OBJC_ROOT_CLASS = YES_ERROR;
				CLANG_WARN_RANGE_LOOP_ANALYSIS = YES;
				CLANG_WARN_STRICT_PROTOTYPES = YES;
				CLANG_WARN_SUSPICIOUS_MOVE = YES;
				CLANG_WARN_UNGUARDED_AVAILABILITY = YES_AGGRESSIVE;
				CLANG_WARN_UNREACHABLE_CODE = YES;
				CLANG_WARN__DUPLICATE_METHOD_MATCH = YES;
				COPY_PHASE_STRIP = NO;
				DEBUG_INFORMATION_FORMAT = dwarf;
				ENABLE_STRICT_OBJC_MSGSEND = YES;
				ENABLE_TESTABILITY = YES;
				GCC_C_LANGUAGE_STANDARD = gnu11;
				GCC_DYNAMIC_NO_PIC = NO;
				GCC_NO_COMMON_BLOCKS = YES;
				GCC_OPTIMIZATION_LEVEL = 0;
				GCC_PREPROCESSOR_DEFINITIONS = (
					"DEBUG=1",
					"$(inherited)",
				);
				GCC_WARN_64_TO_32_BIT_CONVERSION = YES;
				GCC_WARN_ABOUT_RETURN_TYPE = YES_ERROR;
				GCC_WARN_UNDECLARED_SELECTOR = YES;
				GCC_WARN_UNINITIALIZED_AUTOS = YES_AGGRESSIVE;
				GCC_WARN_UNUSED_FUNCTION = YES;
				GCC_WARN_UNUSED_VARIABLE = YES;
				IPHONEOS_DEPLOYMENT_TARGET = 13.6;
				MTL_ENABLE_DEBUG_INFO = INCLUDE_SOURCE;
				MTL_FAST_MATH = YES;
				ONLY_ACTIVE_ARCH = YES;
				SDKROOT = iphoneos;
				SWIFT_ACTIVE_COMPILATION_CONDITIONS = DEBUG;
				SWIFT_OPTIMIZATION_LEVEL = "-Onone";
			};
			name = Debug;
		};
		A97725C524C86D290065759D /* Release */ = {
			isa = XCBuildConfiguration;
			buildSettings = {
				ALWAYS_SEARCH_USER_PATHS = NO;
				CLANG_ANALYZER_NONNULL = YES;
				CLANG_ANALYZER_NUMBER_OBJECT_CONVERSION = YES_AGGRESSIVE;
				CLANG_CXX_LANGUAGE_STANDARD = "gnu++14";
				CLANG_CXX_LIBRARY = "libc++";
				CLANG_ENABLE_MODULES = YES;
				CLANG_ENABLE_OBJC_ARC = YES;
				CLANG_ENABLE_OBJC_WEAK = YES;
				CLANG_WARN_BLOCK_CAPTURE_AUTORELEASING = YES;
				CLANG_WARN_BOOL_CONVERSION = YES;
				CLANG_WARN_COMMA = YES;
				CLANG_WARN_CONSTANT_CONVERSION = YES;
				CLANG_WARN_DEPRECATED_OBJC_IMPLEMENTATIONS = YES;
				CLANG_WARN_DIRECT_OBJC_ISA_USAGE = YES_ERROR;
				CLANG_WARN_DOCUMENTATION_COMMENTS = YES;
				CLANG_WARN_EMPTY_BODY = YES;
				CLANG_WARN_ENUM_CONVERSION = YES;
				CLANG_WARN_INFINITE_RECURSION = YES;
				CLANG_WARN_INT_CONVERSION = YES;
				CLANG_WARN_NON_LITERAL_NULL_CONVERSION = YES;
				CLANG_WARN_OBJC_IMPLICIT_RETAIN_SELF = YES;
				CLANG_WARN_OBJC_LITERAL_CONVERSION = YES;
				CLANG_WARN_OBJC_ROOT_CLASS = YES_ERROR;
				CLANG_WARN_RANGE_LOOP_ANALYSIS = YES;
				CLANG_WARN_STRICT_PROTOTYPES = YES;
				CLANG_WARN_SUSPICIOUS_MOVE = YES;
				CLANG_WARN_UNGUARDED_AVAILABILITY = YES_AGGRESSIVE;
				CLANG_WARN_UNREACHABLE_CODE = YES;
				CLANG_WARN__DUPLICATE_METHOD_MATCH = YES;
				COPY_PHASE_STRIP = NO;
				DEBUG_INFORMATION_FORMAT = "dwarf-with-dsym";
				ENABLE_NS_ASSERTIONS = NO;
				ENABLE_STRICT_OBJC_MSGSEND = YES;
				GCC_C_LANGUAGE_STANDARD = gnu11;
				GCC_NO_COMMON_BLOCKS = YES;
				GCC_WARN_64_TO_32_BIT_CONVERSION = YES;
				GCC_WARN_ABOUT_RETURN_TYPE = YES_ERROR;
				GCC_WARN_UNDECLARED_SELECTOR = YES;
				GCC_WARN_UNINITIALIZED_AUTOS = YES_AGGRESSIVE;
				GCC_WARN_UNUSED_FUNCTION = YES;
				GCC_WARN_UNUSED_VARIABLE = YES;
				IPHONEOS_DEPLOYMENT_TARGET = 13.6;
				MTL_ENABLE_DEBUG_INFO = NO;
				MTL_FAST_MATH = YES;
				SDKROOT = iphoneos;
				SWIFT_COMPILATION_MODE = wholemodule;
				SWIFT_OPTIMIZATION_LEVEL = "-O";
				VALIDATE_PRODUCT = YES;
			};
			name = Release;
		};
		A97725C724C86D290065759D /* Debug */ = {
			isa = XCBuildConfiguration;
			buildSettings = {
				ASSETCATALOG_COMPILER_APPICON_NAME = AppIcon;
				CODE_SIGN_STYLE = Automatic;
				INFOPLIST_FILE = TableAgain/Info.plist;
				LD_RUNPATH_SEARCH_PATHS = (
					"$(inherited)",
					"@executable_path/Frameworks",
				);
				PRODUCT_BUNDLE_IDENTIFIER = "siyun-min.TableAgain";
				PRODUCT_NAME = "$(TARGET_NAME)";
				SWIFT_VERSION = 5.0;
				TARGETED_DEVICE_FAMILY = 1;
			};
			name = Debug;
		};
		A97725C824C86D290065759D /* Release */ = {
			isa = XCBuildConfiguration;
			buildSettings = {
				ASSETCATALOG_COMPILER_APPICON_NAME = AppIcon;
				CODE_SIGN_STYLE = Automatic;
				INFOPLIST_FILE = TableAgain/Info.plist;
				LD_RUNPATH_SEARCH_PATHS = (
					"$(inherited)",
					"@executable_path/Frameworks",
				);
				PRODUCT_BUNDLE_IDENTIFIER = "siyun-min.TableAgain";
				PRODUCT_NAME = "$(TARGET_NAME)";
				SWIFT_VERSION = 5.0;
				TARGETED_DEVICE_FAMILY = 1;
			};
			name = Release;
		};
/* End XCBuildConfiguration section */

/* Begin XCConfigurationList section */
		A97725AD24C86D250065759D /* Build configuration list for PBXProject "TableAgain" */ = {
			isa = XCConfigurationList;
			buildConfigurations = (
				A97725C424C86D290065759D /* Debug */,
				A97725C524C86D290065759D /* Release */,
			);
			defaultConfigurationIsVisible = 0;
			defaultConfigurationName = Release;
		};
		A97725C624C86D290065759D /* Build configuration list for PBXNativeTarget "TableAgain" */ = {
			isa = XCConfigurationList;
			buildConfigurations = (
				A97725C724C86D290065759D /* Debug */,
				A97725C824C86D290065759D /* Release */,
			);
			defaultConfigurationIsVisible = 0;
			defaultConfigurationName = Release;
		};
/* End XCConfigurationList section */
	};
	rootObject = A97725AA24C86D250065759D /* Project object */;
}
